
Microsoft Visual Studio Solution File, Format Version 12.00
# Visual Studio 2012
Project("{FAE04EC0-301F-11D3-BF4B-00C04F79EFBC}") = "ReadDataFromJson", "ReadDataFromJson\ReadDataFromJson.csproj", "{2A2F7CF5-C3CA-401E-AB38-CE38416E3391}"
EndProject
Project("{FAE04EC0-301F-11D3-BF4B-00C04F79EFBC}") = "ReadDataFromJson.iOS", "iOS\ReadDataFromJson.iOS.csproj", "{18E96A13-D497-4684-8A0B-DB204F7A65A6}"
EndProject
Project("{FAE04EC0-301F-11D3-BF4B-00C04F79EFBC}") = "ReadDataFromJson.Droid", "Droid\ReadDataFromJson.Droid.csproj", "{A6A5257F-778D-4E32-8737-B1968B1EAF56}"
EndProject
Global
	GlobalSection(SolutionConfigurationPlatforms) = preSolution
		Debug|Any CPU = Debug|Any CPU
		Release|Any CPU = Release|Any CPU
		Debug|iPhoneSimulator = Debug|iPhoneSimulator
		Release|iPhone = Release|iPhone
		Release|iPhoneSimulator = Release|iPhoneSimulator
		Debug|iPhone = Debug|iPhone
	EndGlobalSection
	GlobalSection(ProjectConfigurationPlatforms) = postSolution
		{2A2F7CF5-C3CA-401E-AB38-CE38416E3391}.Debug|Any CPU.ActiveCfg = Debug|Any CPU
		{2A2F7CF5-C3CA-401E-AB38-CE38416E3391}.Debug|Any CPU.Build.0 = Debug|Any CPU
		{2A2F7CF5-C3CA-401E-AB38-CE38416E3391}.Release|Any CPU.ActiveCfg = Release|Any CPU
		{2A2F7CF5-C3CA-401E-AB38-CE38416E3391}.Release|Any CPU.Build.0 = Release|Any CPU
		{2A2F7CF5-C3CA-401E-AB38-CE38416E3391}.Debug|iPhoneSimulator.ActiveCfg = Debug|Any CPU
		{2A2F7CF5-C3CA-401E-AB38-CE38416E3391}.Debug|iPhoneSimulator.Build.0 = Debug|Any CPU
		{2A2F7CF5-C3CA-401E-AB38-CE38416E3391}.Release|iPhone.ActiveCfg = Release|Any CPU
		{2A2F7CF5-C3CA-401E-AB38-CE38416E3391}.Release|iPhone.Build.0 = Release|Any CPU
		{2A2F7CF5-C3CA-401E-AB38-CE38416E3391}.Release|iPhoneSimulator.ActiveCfg = Release|Any CPU
		{2A2F7CF5-C3CA-401E-AB38-CE38416E3391}.Release|iPhoneSimulator.Build.0 = Release|Any CPU
		{2A2F7CF5-C3CA-401E-AB38-CE38416E3391}.Debug|iPhone.ActiveCfg = Debug|Any CPU
		{2A2F7CF5-C3CA-401E-AB38-CE38416E3391}.Debug|iPhone.Build.0 = Debug|Any CPU
		{18E96A13-D497-4684-8A0B-DB204F7A65A6}.Debug|Any CPU.ActiveCfg = Debug|iPhoneSimulator
		{18E96A13-D497-4684-8A0B-DB204F7A65A6}.Debug|Any CPU.Build.0 = Debug|iPhoneSimulator
		{18E96A13-D497-4684-8A0B-DB204F7A65A6}.Release|Any CPU.ActiveCfg = Release|iPhone
		{18E96A13-D497-4684-8A0B-DB204F7A65A6}.Release|Any CPU.Build.0 = Release|iPhone
		{18E96A13-D497-4684-8A0B-DB204F7A65A6}.Debug|iPhoneSimulator.ActiveCfg = Debug|iPhoneSimulator
		{18E96A13-D497-4684-8A0B-DB204F7A65A6}.Debug|iPhoneSimulator.Build.0 = Debug|iPhoneSimulator
		{18E96A13-D497-4684-8A0B-DB204F7A65A6}.Release|iPhone.ActiveCfg = Release|iPhone
		{18E96A13-D497-4684-8A0B-DB204F7A65A6}.Release|iPhone.Build.0 = Release|iPhone
		{18E96A13-D497-4684-8A0B-DB204F7A65A6}.Release|iPhoneSimulator.ActiveCfg = Release|iPhoneSimulator
		{18E96A13-D497-4684-8A0B-DB204F7A65A6}.Release|iPhoneSimulator.Build.0 = Release|iPhoneSimulator
		{18E96A13-D497-4684-8A0B-DB204F7A65A6}.Debug|iPhone.ActiveCfg = Debug|iPhone
		{18E96A13-D497-4684-8A0B-DB204F7A65A6}.Debug|iPhone.Build.0 = Debug|iPhone
		{A6A5257F-778D-4E32-8737-B1968B1EAF56}.Debug|Any CPU.ActiveCfg = Debug|Any CPU
		{A6A5257F-778D-4E32-8737-B1968B1EAF56}.Debug|Any CPU.Build.0 = Debug|Any CPU
		{A6A5257F-778D-4E32-8737-B1968B1EAF56}.Release|Any CPU.ActiveCfg = Release|Any CPU
		{A6A5257F-778D-4E32-8737-B1968B1EAF56}.Release|Any CPU.Build.0 = Release|Any CPU
		{A6A5257F-778D-4E32-8737-B1968B1EAF56}.Debug|iPhoneSimulator.ActiveCfg = Debug|Any CPU
		{A6A5257F-778D-4E32-8737-B1968B1EAF56}.Debug|iPhoneSimulator.Build.0 = Debug|Any CPU
		{A6A5257F-778D-4E32-8737-B1968B1EAF56}.Release|iPhone.ActiveCfg = Release|Any CPU
		{A6A5257F-778D-4E32-8737-B1968B1EAF56}.Release|iPhone.Build.0 = Release|Any CPU
		{A6A5257F-778D-4E32-8737-B1968B1EAF56}.Release|iPhoneSimulator.ActiveCfg = Release|Any CPU
		{A6A5257F-778D-4E32-8737-B1968B1EAF56}.Release|iPhoneSimulator.Build.0 = Release|Any CPU
		{A6A5257F-778D-4E32-8737-B1968B1EAF56}.Debug|iPhone.ActiveCfg = Debug|Any CPU
		{A6A5257F-778D-4E32-8737-B1968B1EAF56}.Debug|iPhone.Build.0 = Debug|Any CPU
	EndGlobalSection
EndGlobal
